// !$*UTF8*$!
{
	archiveVersion = 1;
	classes = {
	};
	objectVersion = 46;
	objects = {

/* Begin PBXBuildFile section */
		015B40DB1537E1F900BC2629 /* 0.jpg in Resources */ = {isa = PBXBuildFile; fileRef = 015B40C01537E1F900BC2629 /* 0.jpg */; };
		015B40DC1537E1F900BC2629 /* 1.jpg in Resources */ = {isa = PBXBuildFile; fileRef = 015B40C11537E1F900BC2629 /* 1.jpg */; };
		015B40DD1537E1F900BC2629 /* 10.jpg in Resources */ = {isa = PBXBuildFile; fileRef = 015B40C21537E1F900BC2629 /* 10.jpg */; };
		015B40DE1537E1F900BC2629 /* 11.jpg in Resources */ = {isa = PBXBuildFile; fileRef = 015B40C31537E1F900BC2629 /* 11.jpg */; };
		015B40DF1537E1F900BC2629 /* 12.jpg in Resources */ = {isa = PBXBuildFile; fileRef = 015B40C41537E1F900BC2629 /* 12.jpg */; };
		015B40E01537E1F900BC2629 /* 13.jpg in Resources */ = {isa = PBXBuildFile; fileRef = 015B40C51537E1F900BC2629 /* 13.jpg */; };
		015B40E11537E1F900BC2629 /* 14.jpg in Resources */ = {isa = PBXBuildFile; fileRef = 015B40C61537E1F900BC2629 /* 14.jpg */; };
		015B40E21537E1F900BC2629 /* 15.jpg in Resources */ = {isa = PBXBuildFile; fileRef = 015B40C71537E1F900BC2629 /* 15.jpg */; };
		015B40E31537E1F900BC2629 /* 16.jpg in Resources */ = {isa = PBXBuildFile; fileRef = 015B40C81537E1F900BC2629 /* 16.jpg */; };
		015B40E41537E1F900BC2629 /* 17.jpg in Resources */ = {isa = PBXBuildFile; fileRef = 015B40C91537E1F900BC2629 /* 17.jpg */; };
		015B40E51537E1F900BC2629 /* 18.jpg in Resources */ = {isa = PBXBuildFile; fileRef = 015B40CA1537E1F900BC2629 /* 18.jpg */; };
		015B40E61537E1F900BC2629 /* 19.jpg in Resources */ = {isa = PBXBuildFile; fileRef = 015B40CB1537E1F900BC2629 /* 19.jpg */; };
		015B40E71537E1F900BC2629 /* 2.jpg in Resources */ = {isa = PBXBuildFile; fileRef = 015B40CC1537E1F900BC2629 /* 2.jpg */; };
		015B40E81537E1F900BC2629 /* 20.jpg in Resources */ = {isa = PBXBuildFile; fileRef = 015B40CD1537E1F900BC2629 /* 20.jpg */; };
		015B40E91537E1F900BC2629 /* 21.jpg in Resources */ = {isa = PBXBuildFile; fileRef = 015B40CE1537E1F900BC2629 /* 21.jpg */; };
		015B40EA1537E1F900BC2629 /* 22.jpg in Resources */ = {isa = PBXBuildFile; fileRef = 015B40CF1537E1F900BC2629 /* 22.jpg */; };
		015B40EB1537E1F900BC2629 /* 23.jpg in Resources */ = {isa = PBXBuildFile; fileRef = 015B40D01537E1F900BC2629 /* 23.jpg */; };
		015B40EC1537E1F900BC2629 /* 24.jpg in Resources */ = {isa = PBXBuildFile; fileRef = 015B40D11537E1F900BC2629 /* 24.jpg */; };
		015B40ED1537E1F900BC2629 /* 25.jpg in Resources */ = {isa = PBXBuildFile; fileRef = 015B40D21537E1F900BC2629 /* 25.jpg */; };
		015B40EE1537E1F900BC2629 /* 26.jpg in Resources */ = {isa = PBXBuildFile; fileRef = 015B40D31537E1F900BC2629 /* 26.jpg */; };
		015B40EF1537E1F900BC2629 /* 3.jpg in Resources */ = {isa = PBXBuildFile; fileRef = 015B40D41537E1F900BC2629 /* 3.jpg */; };
		015B40F01537E1F900BC2629 /* 4.jpg in Resources */ = {isa = PBXBuildFile; fileRef = 015B40D51537E1F900BC2629 /* 4.jpg */; };
		015B40F11537E1F900BC2629 /* 5.jpg in Resources */ = {isa = PBXBuildFile; fileRef = 015B40D61537E1F900BC2629 /* 5.jpg */; };
		015B40F21537E1F900BC2629 /* 6.jpg in Resources */ = {isa = PBXBuildFile; fileRef = 015B40D71537E1F900BC2629 /* 6.jpg */; };
		015B40F31537E1F900BC2629 /* 7.jpg in Resources */ = {isa = PBXBuildFile; fileRef = 015B40D81537E1F900BC2629 /* 7.jpg */; };
		015B40F41537E1F900BC2629 /* 8.jpg in Resources */ = {isa = PBXBuildFile; fileRef = 015B40D91537E1F900BC2629 /* 8.jpg */; };
		015B40F51537E1F900BC2629 /* 9.jpg in Resources */ = {isa = PBXBuildFile; fileRef = 015B40DA1537E1F900BC2629 /* 9.jpg */; };
		018467AD15250A65001D0234 /* smallest.plist in Resources */ = {isa = PBXBuildFile; fileRef = 018467AC15250A65001D0234 /* smallest.plist */; };
		018467AF15250A84001D0234 /* words.plist in Resources */ = {isa = PBXBuildFile; fileRef = 018467AE15250A84001D0234 /* words.plist */; };
		018467EF1527E78E001D0234 /* jong.png in Resources */ = {isa = PBXBuildFile; fileRef = 018467EE1527E78E001D0234 /* jong.png */; };
		01A3E5E8152A9D6600CFED6F /* QuartzCore.framework in Frameworks */ = {isa = PBXBuildFile; fileRef = 01A3E5E7152A9D6600CFED6F /* QuartzCore.framework */; };
		E70AE732151C437A00FB7BAE /* UIKit.framework in Frameworks */ = {isa = PBXBuildFile; fileRef = E70AE731151C437A00FB7BAE /* UIKit.framework */; };
		E70AE734151C437A00FB7BAE /* Foundation.framework in Frameworks */ = {isa = PBXBuildFile; fileRef = E70AE733151C437A00FB7BAE /* Foundation.framework */; };
		E70AE736151C437A00FB7BAE /* CoreGraphics.framework in Frameworks */ = {isa = PBXBuildFile; fileRef = E70AE735151C437A00FB7BAE /* CoreGraphics.framework */; };
		E70AE73C151C437B00FB7BAE /* InfoPlist.strings in Resources */ = {isa = PBXBuildFile; fileRef = E70AE73A151C437B00FB7BAE /* InfoPlist.strings */; };
		E70AE73E151C437B00FB7BAE /* main.m in Sources */ = {isa = PBXBuildFile; fileRef = E70AE73D151C437B00FB7BAE /* main.m */; };
		E70AE742151C437B00FB7BAE /* AppDelegate.m in Sources */ = {isa = PBXBuildFile; fileRef = E70AE741151C437B00FB7BAE /* AppDelegate.m */; };
		E70AE745151C437B00FB7BAE /* MainViewController.m in Sources */ = {isa = PBXBuildFile; fileRef = E70AE744151C437B00FB7BAE /* MainViewController.m */; };
		E70AE748151C437B00FB7BAE /* FlipsideViewController.m in Sources */ = {isa = PBXBuildFile; fileRef = E70AE747151C437B00FB7BAE /* FlipsideViewController.m */; };
		E70AE74B151C437B00FB7BAE /* MainViewController.xib in Resources */ = {isa = PBXBuildFile; fileRef = E70AE749151C437B00FB7BAE /* MainViewController.xib */; };
		E70AE74E151C437B00FB7BAE /* FlipsideViewController.xib in Resources */ = {isa = PBXBuildFile; fileRef = E70AE74C151C437B00FB7BAE /* FlipsideViewController.xib */; };
		E71B7176153829F900519475 /* SenTestingKit.framework in Frameworks */ = {isa = PBXBuildFile; fileRef = E70AE755151C437B00FB7BAE /* SenTestingKit.framework */; };
		E71B7177153829F900519475 /* UIKit.framework in Frameworks */ = {isa = PBXBuildFile; fileRef = E70AE731151C437A00FB7BAE /* UIKit.framework */; };
		E71B7178153829F900519475 /* Foundation.framework in Frameworks */ = {isa = PBXBuildFile; fileRef = E70AE733151C437A00FB7BAE /* Foundation.framework */; };
		E71B718615382A1A00519475 /* EvilGamePlay.m in Sources */ = {isa = PBXBuildFile; fileRef = E7B01A5D15279B3100D861AF /* EvilGamePlay.m */; };
		E71B719315382E6900519475 /* GamePlay.m in Sources */ = {isa = PBXBuildFile; fileRef = E7864DAB1537D02800E127F3 /* GamePlay.m */; };
		E71B719415382E6E00519475 /* GoodGamePlay.m in Sources */ = {isa = PBXBuildFile; fileRef = E7B01ACF152AA07500D861AF /* GoodGamePlay.m */; };
		E7864DA01537886300E127F3 /* HistoryViewController.m in Sources */ = {isa = PBXBuildFile; fileRef = E7864D9E1537886200E127F3 /* HistoryViewController.m */; };
		E7864DA11537886300E127F3 /* HistoryViewController.xib in Resources */ = {isa = PBXBuildFile; fileRef = E7864D9F1537886300E127F3 /* HistoryViewController.xib */; };
		E7864DAC1537D02800E127F3 /* GamePlay.m in Sources */ = {isa = PBXBuildFile; fileRef = E7864DAB1537D02800E127F3 /* GamePlay.m */; };
		E7B01A5E15279B3100D861AF /* EvilGamePlay.m in Sources */ = {isa = PBXBuildFile; fileRef = E7B01A5D15279B3100D861AF /* EvilGamePlay.m */; };
		E7B01AC61528F6DF00D861AF /* small.plist in Resources */ = {isa = PBXBuildFile; fileRef = E7B01AC51528F6DF00D861AF /* small.plist */; };
		E7B01AD0152AA07500D861AF /* GoodGamePlay.m in Sources */ = {isa = PBXBuildFile; fileRef = E7B01ACF152AA07500D861AF /* GoodGamePlay.m */; };
		E7B01AD6152B039200D861AF /* README in Resources */ = {isa = PBXBuildFile; fileRef = E7B01AD5152B039200D861AF /* README */; };
		E7C28CB815384766003D6C75 /* History.m in Sources */ = {isa = PBXBuildFile; fileRef = E7E07E871538005200608852 /* History.m */; };
		E7CF4C5E1538642800BE422E /* Project2LogicTests.m in Sources */ = {isa = PBXBuildFile; fileRef = E71B7180153829F900519475 /* Project2LogicTests.m */; };
		E7E07E881538005200608852 /* History.m in Sources */ = {isa = PBXBuildFile; fileRef = E7E07E871538005200608852 /* History.m */; };
		E7E07E8A15380B4300608852 /* scores.plist in Resources */ = {isa = PBXBuildFile; fileRef = E7E07E8915380B4300608852 /* scores.plist */; };
		E7E25824153852820033487F /* small.plist in Resources */ = {isa = PBXBuildFile; fileRef = E7B01AC51528F6DF00D861AF /* small.plist */; };
/* End PBXBuildFile section */

/* Begin PBXFileReference section */
		015B40C01537E1F900BC2629 /* 0.jpg */ = {isa = PBXFileReference; lastKnownFileType = image.jpeg; name = 0.jpg; path = hangman/0.jpg; sourceTree = "<group>"; };
		015B40C11537E1F900BC2629 /* 1.jpg */ = {isa = PBXFileReference; lastKnownFileType = image.jpeg; name = 1.jpg; path = hangman/1.jpg; sourceTree = "<group>"; };
		015B40C21537E1F900BC2629 /* 10.jpg */ = {isa = PBXFileReference; lastKnownFileType = image.jpeg; name = 10.jpg; path = hangman/10.jpg; sourceTree = "<group>"; };
		015B40C31537E1F900BC2629 /* 11.jpg */ = {isa = PBXFileReference; lastKnownFileType = image.jpeg; name = 11.jpg; path = hangman/11.jpg; sourceTree = "<group>"; };
		015B40C41537E1F900BC2629 /* 12.jpg */ = {isa = PBXFileReference; lastKnownFileType = image.jpeg; name = 12.jpg; path = hangman/12.jpg; sourceTree = "<group>"; };
		015B40C51537E1F900BC2629 /* 13.jpg */ = {isa = PBXFileReference; lastKnownFileType = image.jpeg; name = 13.jpg; path = hangman/13.jpg; sourceTree = "<group>"; };
		015B40C61537E1F900BC2629 /* 14.jpg */ = {isa = PBXFileReference; lastKnownFileType = image.jpeg; name = 14.jpg; path = hangman/14.jpg; sourceTree = "<group>"; };
		015B40C71537E1F900BC2629 /* 15.jpg */ = {isa = PBXFileReference; lastKnownFileType = image.jpeg; name = 15.jpg; path = hangman/15.jpg; sourceTree = "<group>"; };
		015B40C81537E1F900BC2629 /* 16.jpg */ = {isa = PBXFileReference; lastKnownFileType = image.jpeg; name = 16.jpg; path = hangman/16.jpg; sourceTree = "<group>"; };
		015B40C91537E1F900BC2629 /* 17.jpg */ = {isa = PBXFileReference; lastKnownFileType = image.jpeg; name = 17.jpg; path = hangman/17.jpg; sourceTree = "<group>"; };
		015B40CA1537E1F900BC2629 /* 18.jpg */ = {isa = PBXFileReference; lastKnownFileType = image.jpeg; name = 18.jpg; path = hangman/18.jpg; sourceTree = "<group>"; };
		015B40CB1537E1F900BC2629 /* 19.jpg */ = {isa = PBXFileReference; lastKnownFileType = image.jpeg; name = 19.jpg; path = hangman/19.jpg; sourceTree = "<group>"; };
		015B40CC1537E1F900BC2629 /* 2.jpg */ = {isa = PBXFileReference; lastKnownFileType = image.jpeg; name = 2.jpg; path = hangman/2.jpg; sourceTree = "<group>"; };
		015B40CD1537E1F900BC2629 /* 20.jpg */ = {isa = PBXFileReference; lastKnownFileType = image.jpeg; name = 20.jpg; path = hangman/20.jpg; sourceTree = "<group>"; };
		015B40CE1537E1F900BC2629 /* 21.jpg */ = {isa = PBXFileReference; lastKnownFileType = image.jpeg; name = 21.jpg; path = hangman/21.jpg; sourceTree = "<group>"; };
		015B40CF1537E1F900BC2629 /* 22.jpg */ = {isa = PBXFileReference; lastKnownFileType = image.jpeg; name = 22.jpg; path = hangman/22.jpg; sourceTree = "<group>"; };
		015B40D01537E1F900BC2629 /* 23.jpg */ = {isa = PBXFileReference; lastKnownFileType = image.jpeg; name = 23.jpg; path = hangman/23.jpg; sourceTree = "<group>"; };
		015B40D11537E1F900BC2629 /* 24.jpg */ = {isa = PBXFileReference; lastKnownFileType = image.jpeg; name = 24.jpg; path = hangman/24.jpg; sourceTree = "<group>"; };
		015B40D21537E1F900BC2629 /* 25.jpg */ = {isa = PBXFileReference; lastKnownFileType = image.jpeg; name = 25.jpg; path = hangman/25.jpg; sourceTree = "<group>"; };
		015B40D31537E1F900BC2629 /* 26.jpg */ = {isa = PBXFileReference; lastKnownFileType = image.jpeg; name = 26.jpg; path = hangman/26.jpg; sourceTree = "<group>"; };
		015B40D41537E1F900BC2629 /* 3.jpg */ = {isa = PBXFileReference; lastKnownFileType = image.jpeg; name = 3.jpg; path = hangman/3.jpg; sourceTree = "<group>"; };
		015B40D51537E1F900BC2629 /* 4.jpg */ = {isa = PBXFileReference; lastKnownFileType = image.jpeg; name = 4.jpg; path = hangman/4.jpg; sourceTree = "<group>"; };
		015B40D61537E1F900BC2629 /* 5.jpg */ = {isa = PBXFileReference; lastKnownFileType = image.jpeg; name = 5.jpg; path = hangman/5.jpg; sourceTree = "<group>"; };
		015B40D71537E1F900BC2629 /* 6.jpg */ = {isa = PBXFileReference; lastKnownFileType = image.jpeg; name = 6.jpg; path = hangman/6.jpg; sourceTree = "<group>"; };
		015B40D81537E1F900BC2629 /* 7.jpg */ = {isa = PBXFileReference; lastKnownFileType = image.jpeg; name = 7.jpg; path = hangman/7.jpg; sourceTree = "<group>"; };
		015B40D91537E1F900BC2629 /* 8.jpg */ = {isa = PBXFileReference; lastKnownFileType = image.jpeg; name = 8.jpg; path = hangman/8.jpg; sourceTree = "<group>"; };
		015B40DA1537E1F900BC2629 /* 9.jpg */ = {isa = PBXFileReference; lastKnownFileType = image.jpeg; name = 9.jpg; path = hangman/9.jpg; sourceTree = "<group>"; };
		018467AC15250A65001D0234 /* smallest.plist */ = {isa = PBXFileReference; fileEncoding = 4; lastKnownFileType = text.plist.xml; path = smallest.plist; sourceTree = "<group>"; };
		018467AE15250A84001D0234 /* words.plist */ = {isa = PBXFileReference; fileEncoding = 4; lastKnownFileType = text.plist.xml; path = words.plist; sourceTree = "<group>"; };
		018467EE1527E78E001D0234 /* jong.png */ = {isa = PBXFileReference; lastKnownFileType = image.png; path = jong.png; sourceTree = "<group>"; };
		01A3E5E7152A9D6600CFED6F /* QuartzCore.framework */ = {isa = PBXFileReference; lastKnownFileType = wrapper.framework; name = QuartzCore.framework; path = System/Library/Frameworks/QuartzCore.framework; sourceTree = SDKROOT; };
		E70AE72D151C437A00FB7BAE /* project2.app */ = {isa = PBXFileReference; explicitFileType = wrapper.application; includeInIndex = 0; path = project2.app; sourceTree = BUILT_PRODUCTS_DIR; };
		E70AE731151C437A00FB7BAE /* UIKit.framework */ = {isa = PBXFileReference; lastKnownFileType = wrapper.framework; name = UIKit.framework; path = System/Library/Frameworks/UIKit.framework; sourceTree = SDKROOT; };
		E70AE733151C437A00FB7BAE /* Foundation.framework */ = {isa = PBXFileReference; lastKnownFileType = wrapper.framework; name = Foundation.framework; path = System/Library/Frameworks/Foundation.framework; sourceTree = SDKROOT; };
		E70AE735151C437A00FB7BAE /* CoreGraphics.framework */ = {isa = PBXFileReference; lastKnownFileType = wrapper.framework; name = CoreGraphics.framework; path = System/Library/Frameworks/CoreGraphics.framework; sourceTree = SDKROOT; };
		E70AE739151C437A00FB7BAE /* project2-Info.plist */ = {isa = PBXFileReference; lastKnownFileType = text.plist.xml; path = "project2-Info.plist"; sourceTree = "<group>"; };
		E70AE73B151C437B00FB7BAE /* en */ = {isa = PBXFileReference; lastKnownFileType = text.plist.strings; name = en; path = en.lproj/InfoPlist.strings; sourceTree = "<group>"; };
		E70AE73D151C437B00FB7BAE /* main.m */ = {isa = PBXFileReference; lastKnownFileType = sourcecode.c.objc; path = main.m; sourceTree = "<group>"; };
		E70AE73F151C437B00FB7BAE /* project2-Prefix.pch */ = {isa = PBXFileReference; lastKnownFileType = sourcecode.c.h; path = "project2-Prefix.pch"; sourceTree = "<group>"; };
		E70AE740151C437B00FB7BAE /* AppDelegate.h */ = {isa = PBXFileReference; lastKnownFileType = sourcecode.c.h; path = AppDelegate.h; sourceTree = "<group>"; };
		E70AE741151C437B00FB7BAE /* AppDelegate.m */ = {isa = PBXFileReference; lastKnownFileType = sourcecode.c.objc; path = AppDelegate.m; sourceTree = "<group>"; };
		E70AE743151C437B00FB7BAE /* MainViewController.h */ = {isa = PBXFileReference; lastKnownFileType = sourcecode.c.h; path = MainViewController.h; sourceTree = "<group>"; };
		E70AE744151C437B00FB7BAE /* MainViewController.m */ = {isa = PBXFileReference; lastKnownFileType = sourcecode.c.objc; path = MainViewController.m; sourceTree = "<group>"; };
		E70AE746151C437B00FB7BAE /* FlipsideViewController.h */ = {isa = PBXFileReference; lastKnownFileType = sourcecode.c.h; path = FlipsideViewController.h; sourceTree = "<group>"; };
		E70AE747151C437B00FB7BAE /* FlipsideViewController.m */ = {isa = PBXFileReference; lastKnownFileType = sourcecode.c.objc; path = FlipsideViewController.m; sourceTree = "<group>"; };
		E70AE74A151C437B00FB7BAE /* en */ = {isa = PBXFileReference; lastKnownFileType = file.xib; name = en; path = en.lproj/MainViewController.xib; sourceTree = "<group>"; };
		E70AE74D151C437B00FB7BAE /* en */ = {isa = PBXFileReference; lastKnownFileType = file.xib; name = en; path = en.lproj/FlipsideViewController.xib; sourceTree = "<group>"; };
		E70AE755151C437B00FB7BAE /* SenTestingKit.framework */ = {isa = PBXFileReference; lastKnownFileType = wrapper.framework; name = SenTestingKit.framework; path = Library/Frameworks/SenTestingKit.framework; sourceTree = DEVELOPER_DIR; };
		E71B7175153829F900519475 /* Project2LogicTests.octest */ = {isa = PBXFileReference; explicitFileType = wrapper.cfbundle; includeInIndex = 0; path = Project2LogicTests.octest; sourceTree = BUILT_PRODUCTS_DIR; };
		E71B717B153829F900519475 /* Project2LogicTests-Info.plist */ = {isa = PBXFileReference; lastKnownFileType = text.plist.xml; path = "Project2LogicTests-Info.plist"; sourceTree = "<group>"; };
		E71B717D153829F900519475 /* en */ = {isa = PBXFileReference; lastKnownFileType = text.plist.strings; name = en; path = en.lproj/InfoPlist.strings; sourceTree = "<group>"; };
		E71B717F153829F900519475 /* Project2LogicTests.h */ = {isa = PBXFileReference; lastKnownFileType = sourcecode.c.h; path = Project2LogicTests.h; sourceTree = "<group>"; };
		E71B7180153829F900519475 /* Project2LogicTests.m */ = {isa = PBXFileReference; lastKnownFileType = sourcecode.c.objc; path = Project2LogicTests.m; sourceTree = "<group>"; };
		E71B7182153829F900519475 /* Project2LogicTests-Prefix.pch */ = {isa = PBXFileReference; lastKnownFileType = sourcecode.c.h; path = "Project2LogicTests-Prefix.pch"; sourceTree = "<group>"; };
		E7864D9D1537886200E127F3 /* HistoryViewController.h */ = {isa = PBXFileReference; fileEncoding = 4; lastKnownFileType = sourcecode.c.h; path = HistoryViewController.h; sourceTree = "<group>"; };
		E7864D9E1537886200E127F3 /* HistoryViewController.m */ = {isa = PBXFileReference; fileEncoding = 4; lastKnownFileType = sourcecode.c.objc; path = HistoryViewController.m; sourceTree = "<group>"; };
		E7864D9F1537886300E127F3 /* HistoryViewController.xib */ = {isa = PBXFileReference; fileEncoding = 4; lastKnownFileType = file.xib; path = HistoryViewController.xib; sourceTree = "<group>"; };
		E7864DAA1537D02800E127F3 /* GamePlay.h */ = {isa = PBXFileReference; fileEncoding = 4; lastKnownFileType = sourcecode.c.h; path = GamePlay.h; sourceTree = "<group>"; };
		E7864DAB1537D02800E127F3 /* GamePlay.m */ = {isa = PBXFileReference; fileEncoding = 4; lastKnownFileType = sourcecode.c.objc; path = GamePlay.m; sourceTree = "<group>"; };
		E7B01A5C15279B3100D861AF /* EvilGamePlay.h */ = {isa = PBXFileReference; fileEncoding = 4; lastKnownFileType = sourcecode.c.h; path = EvilGamePlay.h; sourceTree = "<group>"; };
		E7B01A5D15279B3100D861AF /* EvilGamePlay.m */ = {isa = PBXFileReference; fileEncoding = 4; lastKnownFileType = sourcecode.c.objc; path = EvilGamePlay.m; sourceTree = "<group>"; };
		E7B01AC51528F6DF00D861AF /* small.plist */ = {isa = PBXFileReference; fileEncoding = 4; lastKnownFileType = text.plist.xml; path = small.plist; sourceTree = "<group>"; };
		E7B01ACE152AA07500D861AF /* GoodGamePlay.h */ = {isa = PBXFileReference; fileEncoding = 4; lastKnownFileType = sourcecode.c.h; name = GoodGamePlay.h; path = ../GoodGamePlay.h; sourceTree = "<group>"; };
		E7B01ACF152AA07500D861AF /* GoodGamePlay.m */ = {isa = PBXFileReference; fileEncoding = 4; lastKnownFileType = sourcecode.c.objc; name = GoodGamePlay.m; path = ../GoodGamePlay.m; sourceTree = "<group>"; };
		E7B01AD5152B039200D861AF /* README */ = {isa = PBXFileReference; fileEncoding = 4; lastKnownFileType = text; path = README; sourceTree = "<group>"; };
		E7E07E861538005200608852 /* History.h */ = {isa = PBXFileReference; fileEncoding = 4; lastKnownFileType = sourcecode.c.h; name = History.h; path = ../History.h; sourceTree = "<group>"; };
		E7E07E871538005200608852 /* History.m */ = {isa = PBXFileReference; fileEncoding = 4; lastKnownFileType = sourcecode.c.objc; name = History.m; path = ../History.m; sourceTree = "<group>"; };
		E7E07E8915380B4300608852 /* scores.plist */ = {isa = PBXFileReference; fileEncoding = 4; lastKnownFileType = text.plist.xml; path = scores.plist; sourceTree = "<group>"; };
/* End PBXFileReference section */

/* Begin PBXFrameworksBuildPhase section */
		E70AE72A151C437A00FB7BAE /* Frameworks */ = {
			isa = PBXFrameworksBuildPhase;
			buildActionMask = 2147483647;
			files = (
				01A3E5E8152A9D6600CFED6F /* QuartzCore.framework in Frameworks */,
				E70AE732151C437A00FB7BAE /* UIKit.framework in Frameworks */,
				E70AE734151C437A00FB7BAE /* Foundation.framework in Frameworks */,
				E70AE736151C437A00FB7BAE /* CoreGraphics.framework in Frameworks */,
			);
			runOnlyForDeploymentPostprocessing = 0;
		};
		E71B7171153829F900519475 /* Frameworks */ = {
			isa = PBXFrameworksBuildPhase;
			buildActionMask = 2147483647;
			files = (
				E71B7176153829F900519475 /* SenTestingKit.framework in Frameworks */,
				E71B7177153829F900519475 /* UIKit.framework in Frameworks */,
				E71B7178153829F900519475 /* Foundation.framework in Frameworks */,
			);
			runOnlyForDeploymentPostprocessing = 0;
		};
/* End PBXFrameworksBuildPhase section */

/* Begin PBXGroup section */
		015B448B153547AC0016883D /* images */ = {
			isa = PBXGroup;
			children = (
				015B40C01537E1F900BC2629 /* 0.jpg */,
				015B40C11537E1F900BC2629 /* 1.jpg */,
				015B40C21537E1F900BC2629 /* 10.jpg */,
				015B40C31537E1F900BC2629 /* 11.jpg */,
				015B40C41537E1F900BC2629 /* 12.jpg */,
				015B40C51537E1F900BC2629 /* 13.jpg */,
				015B40C61537E1F900BC2629 /* 14.jpg */,
				015B40C71537E1F900BC2629 /* 15.jpg */,
				015B40C81537E1F900BC2629 /* 16.jpg */,
				015B40C91537E1F900BC2629 /* 17.jpg */,
				015B40CA1537E1F900BC2629 /* 18.jpg */,
				015B40CB1537E1F900BC2629 /* 19.jpg */,
				015B40CC1537E1F900BC2629 /* 2.jpg */,
				015B40CD1537E1F900BC2629 /* 20.jpg */,
				015B40CE1537E1F900BC2629 /* 21.jpg */,
				015B40CF1537E1F900BC2629 /* 22.jpg */,
				015B40D01537E1F900BC2629 /* 23.jpg */,
				015B40D11537E1F900BC2629 /* 24.jpg */,
				015B40D21537E1F900BC2629 /* 25.jpg */,
				015B40D31537E1F900BC2629 /* 26.jpg */,
				015B40D41537E1F900BC2629 /* 3.jpg */,
				015B40D51537E1F900BC2629 /* 4.jpg */,
				015B40D61537E1F900BC2629 /* 5.jpg */,
				015B40D71537E1F900BC2629 /* 6.jpg */,
				015B40D81537E1F900BC2629 /* 7.jpg */,
				015B40D91537E1F900BC2629 /* 8.jpg */,
				015B40DA1537E1F900BC2629 /* 9.jpg */,
			);
			name = images;
			sourceTree = "<group>";
		};
		E70AE722151C437A00FB7BAE = {
			isa = PBXGroup;
			children = (
				E71B7179153829F900519475 /* Project2LogicTests */,
				018467EE1527E78E001D0234 /* jong.png */,
				E70AE737151C437A00FB7BAE /* project2 */,
				E70AE730151C437A00FB7BAE /* Frameworks */,
				E70AE72E151C437A00FB7BAE /* Products */,
			);
			sourceTree = "<group>";
		};
		E70AE72E151C437A00FB7BAE /* Products */ = {
			isa = PBXGroup;
			children = (
				E70AE72D151C437A00FB7BAE /* project2.app */,
				E71B7175153829F900519475 /* Project2LogicTests.octest */,
			);
			name = Products;
			sourceTree = "<group>";
		};
		E70AE730151C437A00FB7BAE /* Frameworks */ = {
			isa = PBXGroup;
			children = (
				01A3E5E7152A9D6600CFED6F /* QuartzCore.framework */,
				E70AE731151C437A00FB7BAE /* UIKit.framework */,
				E70AE733151C437A00FB7BAE /* Foundation.framework */,
				E70AE735151C437A00FB7BAE /* CoreGraphics.framework */,
				E70AE755151C437B00FB7BAE /* SenTestingKit.framework */,
			);
			name = Frameworks;
			sourceTree = "<group>";
		};
		E70AE737151C437A00FB7BAE /* project2 */ = {
			isa = PBXGroup;
			children = (
				015B448B153547AC0016883D /* images */,
				E7B01ACE152AA07500D861AF /* GoodGamePlay.h */,
				E7B01ACF152AA07500D861AF /* GoodGamePlay.m */,
				E7B01AD5152B039200D861AF /* README */,
				E7B01A5C15279B3100D861AF /* EvilGamePlay.h */,
				E7B01A5D15279B3100D861AF /* EvilGamePlay.m */,
				E7864DAA1537D02800E127F3 /* GamePlay.h */,
				E7864DAB1537D02800E127F3 /* GamePlay.m */,
				E70AE740151C437B00FB7BAE /* AppDelegate.h */,
				E70AE741151C437B00FB7BAE /* AppDelegate.m */,
				E70AE743151C437B00FB7BAE /* MainViewController.h */,
				E70AE744151C437B00FB7BAE /* MainViewController.m */,
				E70AE749151C437B00FB7BAE /* MainViewController.xib */,
				E70AE746151C437B00FB7BAE /* FlipsideViewController.h */,
				E70AE747151C437B00FB7BAE /* FlipsideViewController.m */,
				E7E07E861538005200608852 /* History.h */,
				E7E07E871538005200608852 /* History.m */,
				E7864D9D1537886200E127F3 /* HistoryViewController.h */,
				E7864D9E1537886200E127F3 /* HistoryViewController.m */,
				E7864D9F1537886300E127F3 /* HistoryViewController.xib */,
				E70AE74C151C437B00FB7BAE /* FlipsideViewController.xib */,
				E70AE738151C437A00FB7BAE /* Supporting Files */,
			);
			path = project2;
			sourceTree = "<group>";
		};
		E70AE738151C437A00FB7BAE /* Supporting Files */ = {
			isa = PBXGroup;
			children = (
				E7B01AC51528F6DF00D861AF /* small.plist */,
				018467AE15250A84001D0234 /* words.plist */,
				018467AC15250A65001D0234 /* smallest.plist */,
				E70AE739151C437A00FB7BAE /* project2-Info.plist */,
				E70AE73A151C437B00FB7BAE /* InfoPlist.strings */,
				E70AE73D151C437B00FB7BAE /* main.m */,
				E70AE73F151C437B00FB7BAE /* project2-Prefix.pch */,
				E7E07E8915380B4300608852 /* scores.plist */,
			);
			name = "Supporting Files";
			sourceTree = "<group>";
		};
		E71B7179153829F900519475 /* Project2LogicTests */ = {
			isa = PBXGroup;
			children = (
				E71B717F153829F900519475 /* Project2LogicTests.h */,
				E71B7180153829F900519475 /* Project2LogicTests.m */,
				E71B717A153829F900519475 /* Supporting Files */,
			);
			path = Project2LogicTests;
			sourceTree = "<group>";
		};
		E71B717A153829F900519475 /* Supporting Files */ = {
			isa = PBXGroup;
			children = (
				E71B717B153829F900519475 /* Project2LogicTests-Info.plist */,
				E71B717C153829F900519475 /* InfoPlist.strings */,
				E71B7182153829F900519475 /* Project2LogicTests-Prefix.pch */,
			);
			name = "Supporting Files";
			sourceTree = "<group>";
		};
/* End PBXGroup section */

/* Begin PBXNativeTarget section */
		E70AE72C151C437A00FB7BAE /* project2 */ = {
			isa = PBXNativeTarget;
			buildConfigurationList = E70AE766151C437B00FB7BAE /* Build configuration list for PBXNativeTarget "project2" */;
			buildPhases = (
				E70AE729151C437A00FB7BAE /* Sources */,
				E70AE72A151C437A00FB7BAE /* Frameworks */,
				E70AE72B151C437A00FB7BAE /* Resources */,
			);
			buildRules = (
			);
			dependencies = (
			);
			name = project2;
			productName = project2;
			productReference = E70AE72D151C437A00FB7BAE /* project2.app */;
			productType = "com.apple.product-type.application";
		};
		E71B7174153829F900519475 /* Project2LogicTests */ = {
			isa = PBXNativeTarget;
			buildConfigurationList = E71B7183153829F900519475 /* Build configuration list for PBXNativeTarget "Project2LogicTests" */;
			buildPhases = (
				E71B7170153829F900519475 /* Sources */,
				E71B7171153829F900519475 /* Frameworks */,
				E71B7172153829F900519475 /* Resources */,
				E71B7173153829F900519475 /* ShellScript */,
			);
			buildRules = (
			);
			dependencies = (
			);
			name = Project2LogicTests;
			productName = Project2LogicTests;
			productReference = E71B7175153829F900519475 /* Project2LogicTests.octest */;
			productType = "com.apple.product-type.bundle";
		};
/* End PBXNativeTarget section */

/* Begin PBXProject section */
		E70AE724151C437A00FB7BAE /* Project object */ = {
			isa = PBXProject;
			attributes = {
				LastUpgradeCheck = 0430;
			};
			buildConfigurationList = E70AE727151C437A00FB7BAE /* Build configuration list for PBXProject "project2" */;
			compatibilityVersion = "Xcode 3.2";
			developmentRegion = English;
			hasScannedForEncodings = 0;
			knownRegions = (
				en,
			);
			mainGroup = E70AE722151C437A00FB7BAE;
			productRefGroup = E70AE72E151C437A00FB7BAE /* Products */;
			projectDirPath = "";
			projectRoot = "";
			targets = (
				E70AE72C151C437A00FB7BAE /* project2 */,
				E71B7174153829F900519475 /* Project2LogicTests */,
			);
		};
/* End PBXProject section */

/* Begin PBXResourcesBuildPhase section */
		E70AE72B151C437A00FB7BAE /* Resources */ = {
			isa = PBXResourcesBuildPhase;
			buildActionMask = 2147483647;
			files = (
				E70AE73C151C437B00FB7BAE /* InfoPlist.strings in Resources */,
				E70AE74B151C437B00FB7BAE /* MainViewController.xib in Resources */,
				E70AE74E151C437B00FB7BAE /* FlipsideViewController.xib in Resources */,
				018467AD15250A65001D0234 /* smallest.plist in Resources */,
				018467AF15250A84001D0234 /* words.plist in Resources */,
				018467EF1527E78E001D0234 /* jong.png in Resources */,
				E7B01AC61528F6DF00D861AF /* small.plist in Resources */,
				E7B01AD6152B039200D861AF /* README in Resources */,
				E7864DA11537886300E127F3 /* HistoryViewController.xib in Resources */,
				015B40DB1537E1F900BC2629 /* 0.jpg in Resources */,
				015B40DC1537E1F900BC2629 /* 1.jpg in Resources */,
				015B40DD1537E1F900BC2629 /* 10.jpg in Resources */,
				015B40DE1537E1F900BC2629 /* 11.jpg in Resources */,
				015B40DF1537E1F900BC2629 /* 12.jpg in Resources */,
				015B40E01537E1F900BC2629 /* 13.jpg in Resources */,
				015B40E11537E1F900BC2629 /* 14.jpg in Resources */,
				015B40E21537E1F900BC2629 /* 15.jpg in Resources */,
				015B40E31537E1F900BC2629 /* 16.jpg in Resources */,
				015B40E41537E1F900BC2629 /* 17.jpg in Resources */,
				015B40E51537E1F900BC2629 /* 18.jpg in Resources */,
				015B40E61537E1F900BC2629 /* 19.jpg in Resources */,
				015B40E71537E1F900BC2629 /* 2.jpg in Resources */,
				015B40E81537E1F900BC2629 /* 20.jpg in Resources */,
				015B40E91537E1F900BC2629 /* 21.jpg in Resources */,
				015B40EA1537E1F900BC2629 /* 22.jpg in Resources */,
				015B40EB1537E1F900BC2629 /* 23.jpg in Resources */,
				015B40EC1537E1F900BC2629 /* 24.jpg in Resources */,
				015B40ED1537E1F900BC2629 /* 25.jpg in Resources */,
				015B40EE1537E1F900BC2629 /* 26.jpg in Resources */,
				015B40EF1537E1F900BC2629 /* 3.jpg in Resources */,
				015B40F01537E1F900BC2629 /* 4.jpg in Resources */,
				015B40F11537E1F900BC2629 /* 5.jpg in Resources */,
				015B40F21537E1F900BC2629 /* 6.jpg in Resources */,
				015B40F31537E1F900BC2629 /* 7.jpg in Resources */,
				015B40F41537E1F900BC2629 /* 8.jpg in Resources */,
				015B40F51537E1F900BC2629 /* 9.jpg in Resources */,
				E7E07E8A15380B4300608852 /* scores.plist in Resources */,
			);
			runOnlyForDeploymentPostprocessing = 0;
		};
		E71B7172153829F900519475 /* Resources */ = {
			isa = PBXResourcesBuildPhase;
			buildActionMask = 2147483647;
			files = (
				E7E25824153852820033487F /* small.plist in Resources */,
			);
			runOnlyForDeploymentPostprocessing = 0;
		};
/* End PBXResourcesBuildPhase section */

/* Begin PBXShellScriptBuildPhase section */
		E71B7173153829F900519475 /* ShellScript */ = {
			isa = PBXShellScriptBuildPhase;
			buildActionMask = 2147483647;
			files = (
			);
			inputPaths = (
			);
			outputPaths = (
			);
			runOnlyForDeploymentPostprocessing = 0;
			shellPath = /bin/sh;
			shellScript = "# Run the unit tests in this test bundle.\n\"${SYSTEM_DEVELOPER_DIR}/Tools/RunUnitTests\"\n";
		};
/* End PBXShellScriptBuildPhase section */

/* Begin PBXSourcesBuildPhase section */
		E70AE729151C437A00FB7BAE /* Sources */ = {
			isa = PBXSourcesBuildPhase;
			buildActionMask = 2147483647;
			files = (
				E70AE73E151C437B00FB7BAE /* main.m in Sources */,
				E70AE742151C437B00FB7BAE /* AppDelegate.m in Sources */,
				E70AE745151C437B00FB7BAE /* MainViewController.m in Sources */,
				E70AE748151C437B00FB7BAE /* FlipsideViewController.m in Sources */,
				E7B01A5E15279B3100D861AF /* EvilGamePlay.m in Sources */,
				E7B01AD0152AA07500D861AF /* GoodGamePlay.m in Sources */,
				E7864DA01537886300E127F3 /* HistoryViewController.m in Sources */,
				E7864DAC1537D02800E127F3 /* GamePlay.m in Sources */,
				E7E07E881538005200608852 /* History.m in Sources */,
			);
			runOnlyForDeploymentPostprocessing = 0;
		};
		E71B7170153829F900519475 /* Sources */ = {
			isa = PBXSourcesBuildPhase;
			buildActionMask = 2147483647;
			files = (
				E7CF4C5E1538642800BE422E /* Project2LogicTests.m in Sources */,
				E71B718615382A1A00519475 /* EvilGamePlay.m in Sources */,
				E71B719315382E6900519475 /* GamePlay.m in Sources */,
				E71B719415382E6E00519475 /* GoodGamePlay.m in Sources */,
				E7C28CB815384766003D6C75 /* History.m in Sources */,
			);
			runOnlyForDeploymentPostprocessing = 0;
		};
/* End PBXSourcesBuildPhase section */

/* Begin PBXVariantGroup section */
		E70AE73A151C437B00FB7BAE /* InfoPlist.strings */ = {
			isa = PBXVariantGroup;
			children = (
				E70AE73B151C437B00FB7BAE /* en */,
			);
			name = InfoPlist.strings;
			sourceTree = "<group>";
		};
		E70AE749151C437B00FB7BAE /* MainViewController.xib */ = {
			isa = PBXVariantGroup;
			children = (
				E70AE74A151C437B00FB7BAE /* en */,
			);
			name = MainViewController.xib;
			sourceTree = "<group>";
		};
		E70AE74C151C437B00FB7BAE /* FlipsideViewController.xib */ = {
			isa = PBXVariantGroup;
			children = (
				E70AE74D151C437B00FB7BAE /* en */,
			);
			name = FlipsideViewController.xib;
			sourceTree = "<group>";
		};
		E71B717C153829F900519475 /* InfoPlist.strings */ = {
			isa = PBXVariantGroup;
			children = (
				E71B717D153829F900519475 /* en */,
			);
			name = InfoPlist.strings;
			sourceTree = "<group>";
		};
/* End PBXVariantGroup section */

/* Begin XCBuildConfiguration section */
		E70AE764151C437B00FB7BAE /* Debug */ = {
			isa = XCBuildConfiguration;
			buildSettings = {
				ALWAYS_SEARCH_USER_PATHS = NO;
				ARCHS = "$(ARCHS_STANDARD_32_BIT)";
				CLANG_ENABLE_OBJC_ARC = YES;
				"CODE_SIGN_IDENTITY[sdk=iphoneos*]" = "iPhone Developer";
				COPY_PHASE_STRIP = NO;
				GCC_C_LANGUAGE_STANDARD = gnu99;
				GCC_DYNAMIC_NO_PIC = NO;
				GCC_OPTIMIZATION_LEVEL = 0;
				GCC_PREPROCESSOR_DEFINITIONS = (
					"DEBUG=1",
					"$(inherited)",
				);
				GCC_SYMBOLS_PRIVATE_EXTERN = NO;
				GCC_VERSION = com.apple.compilers.llvm.clang.1_0;
				GCC_WARN_ABOUT_RETURN_TYPE = YES;
				GCC_WARN_UNINITIALIZED_AUTOS = YES;
				GCC_WARN_UNUSED_VARIABLE = YES;
				IPHONEOS_DEPLOYMENT_TARGET = 5.0;
				ONLY_ACTIVE_ARCH = YES;
				SDKROOT = iphoneos;
			};
			name = Debug;
		};
		E70AE765151C437B00FB7BAE /* Release */ = {
			isa = XCBuildConfiguration;
			buildSettings = {
				ALWAYS_SEARCH_USER_PATHS = NO;
				ARCHS = "$(ARCHS_STANDARD_32_BIT)";
				CLANG_ENABLE_OBJC_ARC = YES;
				"CODE_SIGN_IDENTITY[sdk=iphoneos*]" = "iPhone Developer";
				COPY_PHASE_STRIP = YES;
				GCC_C_LANGUAGE_STANDARD = gnu99;
				GCC_VERSION = com.apple.compilers.llvm.clang.1_0;
				GCC_WARN_ABOUT_RETURN_TYPE = YES;
				GCC_WARN_UNINITIALIZED_AUTOS = YES;
				GCC_WARN_UNUSED_VARIABLE = YES;
				IPHONEOS_DEPLOYMENT_TARGET = 5.0;
				ONLY_ACTIVE_ARCH = YES;
				OTHER_CFLAGS = "-DNS_BLOCK_ASSERTIONS=1";
				SDKROOT = iphoneos;
				VALIDATE_PRODUCT = YES;
			};
			name = Release;
		};
		E70AE767151C437B00FB7BAE /* Debug */ = {
			isa = XCBuildConfiguration;
			buildSettings = {
				GCC_PRECOMPILE_PREFIX_HEADER = YES;
				GCC_PREFIX_HEADER = "project2/project2-Prefix.pch";
				INFOPLIST_FILE = "project2/project2-Info.plist";
				ONLY_ACTIVE_ARCH = YES;
				PRODUCT_NAME = "$(TARGET_NAME)";
				WRAPPER_EXTENSION = app;
			};
			name = Debug;
		};
		E70AE768151C437B00FB7BAE /* Release */ = {
			isa = XCBuildConfiguration;
			buildSettings = {
				GCC_PRECOMPILE_PREFIX_HEADER = YES;
				GCC_PREFIX_HEADER = "project2/project2-Prefix.pch";
				INFOPLIST_FILE = "project2/project2-Info.plist";
				ONLY_ACTIVE_ARCH = YES;
				PRODUCT_NAME = "$(TARGET_NAME)";
				WRAPPER_EXTENSION = app;
			};
			name = Release;
		};
		E71B7184153829F900519475 /* Debug */ = {
			isa = XCBuildConfiguration;
			buildSettings = {
				FRAMEWORK_SEARCH_PATHS = (
					"$(SDKROOT)/Developer/Library/Frameworks",
					"$(DEVELOPER_LIBRARY_DIR)/Frameworks",
				);
				GCC_PRECOMPILE_PREFIX_HEADER = YES;
				GCC_PREFIX_HEADER = "Project2LogicTests/Project2LogicTests-Prefix.pch";
				INFOPLIST_FILE = "Project2LogicTests/Project2LogicTests-Info.plist";
				ONLY_ACTIVE_ARCH = YES;
				PRODUCT_NAME = "$(TARGET_NAME)";
				WRAPPER_EXTENSION = octest;
			};
			name = Debug;
		};
		E71B7185153829F900519475 /* Release */ = {
			isa = XCBuildConfiguration;
			buildSettings = {
				FRAMEWORK_SEARCH_PATHS = (
					"$(SDKROOT)/Developer/Library/Frameworks",
					"$(DEVELOPER_LIBRARY_DIR)/Frameworks",
				);
				GCC_PRECOMPILE_PREFIX_HEADER = YES;
				GCC_PREFIX_HEADER = "Project2LogicTests/Project2LogicTests-Prefix.pch";
				INFOPLIST_FILE = "Project2LogicTests/Project2LogicTests-Info.plist";
				ONLY_ACTIVE_ARCH = YES;
				PRODUCT_NAME = "$(TARGET_NAME)";
				WRAPPER_EXTENSION = octest;
			};
			name = Release;
		};
/* End XCBuildConfiguration section */

/* Begin XCConfigurationList section */
		E70AE727151C437A00FB7BAE /* Build configuration list for PBXProject "project2" */ = {
			isa = XCConfigurationList;
			buildConfigurations = (
				E70AE764151C437B00FB7BAE /* Debug */,
				E70AE765151C437B00FB7BAE /* Release */,
			);
			defaultConfigurationIsVisible = 0;
			defaultConfigurationName = Release;
		};
		E70AE766151C437B00FB7BAE /* Build configuration list for PBXNativeTarget "project2" */ = {
			isa = XCConfigurationList;
			buildConfigurations = (
				E70AE767151C437B00FB7BAE /* Debug */,
				E70AE768151C437B00FB7BAE /* Release */,
			);
			defaultConfigurationIsVisible = 0;
			defaultConfigurationName = Release;
		};
		E71B7183153829F900519475 /* Build configuration list for PBXNativeTarget "Project2LogicTests" */ = {
			isa = XCConfigurationList;
			buildConfigurations = (
				E71B7184153829F900519475 /* Debug */,
				E71B7185153829F900519475 /* Release */,
			);
			defaultConfigurationIsVisible = 0;
			defaultConfigurationName = Release;
		};
/* End XCConfigurationList section */
	};
	rootObject = E70AE724151C437A00FB7BAE /* Project object */;
}
